
Microsoft Visual Studio Solution File, Format Version 12.00
# Visual Studio 14
VisualStudioVersion = 14.0.23107.0
MinimumVisualStudioVersion = 10.0.40219.1
Project("{FAE04EC0-301F-11D3-BF4B-00C04F79EFBC}") = "CloudPad_Website", "CloudPad_Website\CloudPad_Website.csproj", "{8309E8B4-E83B-4E22-8EE8-21AECFA7A53C}"
EndProject
Global
	GlobalSection(SolutionConfigurationPlatforms) = preSolution
		Debug|Any CPU = Debug|Any CPU
		Release|Any CPU = Release|Any CPU
	EndGlobalSection
	GlobalSection(ProjectConfigurationPlatforms) = postSolution
		{8309E8B4-E83B-4E22-8EE8-21AECFA7A53C}.Debug|Any CPU.ActiveCfg = Debug|Any CPU
		{8309E8B4-E83B-4E22-8EE8-21AECFA7A53C}.Debug|Any CPU.Build.0 = Debug|Any CPU
		{8309E8B4-E83B-4E22-8EE8-21AECFA7A53C}.Release|Any CPU.ActiveCfg = Release|Any CPU
		{8309E8B4-E83B-4E22-8EE8-21AECFA7A53C}.Release|Any CPU.Build.0 = Release|Any CPU
	EndGlobalSection
	GlobalSection(SolutionProperties) = preSolution
		HideSolutionNode = FALSE
	EndGlobalSection
EndGlobal
